// !$*UTF8*$!
{
	archiveVersion = 1;
	classes = {
	};
	objectVersion = 46;
	objects = {

/* Begin PBXBuildFile section */
		0C119FB3CB8AC31F56274424 /* Pods_Devslopes_Udemy.framework in Frameworks */ = {isa = PBXBuildFile; fileRef = C39091A66E2A6EFDCD36E245 /* Pods_Devslopes_Udemy.framework */; };
		AF35192E1C933AB400779D2D /* AppDelegate.swift in Sources */ = {isa = PBXBuildFile; fileRef = AF35192D1C933AB400779D2D /* AppDelegate.swift */; };
		AF3519301C933AB400779D2D /* ViewController.swift in Sources */ = {isa = PBXBuildFile; fileRef = AF35192F1C933AB400779D2D /* ViewController.swift */; };
		AF3519331C933AB400779D2D /* Main.storyboard in Resources */ = {isa = PBXBuildFile; fileRef = AF3519311C933AB400779D2D /* Main.storyboard */; };
		AF3519351C933AB500779D2D /* Assets.xcassets in Resources */ = {isa = PBXBuildFile; fileRef = AF3519341C933AB500779D2D /* Assets.xcassets */; };
		AF3519381C933AB500779D2D /* LaunchScreen.storyboard in Resources */ = {isa = PBXBuildFile; fileRef = AF3519361C933AB500779D2D /* LaunchScreen.storyboard */; };
		AF3519441C93416300779D2D /* MaterialView.swift in Sources */ = {isa = PBXBuildFile; fileRef = AF3519431C93416300779D2D /* MaterialView.swift */; };
		AF3519471C9344DB00779D2D /* Constants.swift in Sources */ = {isa = PBXBuildFile; fileRef = AF3519461C9344DB00779D2D /* Constants.swift */; };
		AF3519491C971D7F00779D2D /* MaterialButton.swift in Sources */ = {isa = PBXBuildFile; fileRef = AF3519481C971D7F00779D2D /* MaterialButton.swift */; };
		AF35194B1C97231E00779D2D /* MaterialTextField.swift in Sources */ = {isa = PBXBuildFile; fileRef = AF35194A1C97231E00779D2D /* MaterialTextField.swift */; };
		AF3519501C97316200779D2D /* Bolts.framework in Frameworks */ = {isa = PBXBuildFile; fileRef = AF35194D1C97316200779D2D /* Bolts.framework */; };
		AF3519511C97316200779D2D /* FBSDKCoreKit.framework in Frameworks */ = {isa = PBXBuildFile; fileRef = AF35194E1C97316200779D2D /* FBSDKCoreKit.framework */; };
		AF3519521C97316200779D2D /* FBSDKLoginKit.framework in Frameworks */ = {isa = PBXBuildFile; fileRef = AF35194F1C97316200779D2D /* FBSDKLoginKit.framework */; };
		AF9AED6C1C9855D100310BF2 /* DataService.swift in Sources */ = {isa = PBXBuildFile; fileRef = AF9AED6B1C9855D100310BF2 /* DataService.swift */; };
		AFDD83AC1CA586AD00F7F6F0 /* FeedVC.swift in Sources */ = {isa = PBXBuildFile; fileRef = AFDD83AB1CA586AD00F7F6F0 /* FeedVC.swift */; };
		AFDD83AE1CA5892100F7F6F0 /* PostCell.swift in Sources */ = {isa = PBXBuildFile; fileRef = AFDD83AD1CA5892100F7F6F0 /* PostCell.swift */; };
		AFDD83B01CA9CA5A00F7F6F0 /* Post.swift in Sources */ = {isa = PBXBuildFile; fileRef = AFDD83AF1CA9CA5A00F7F6F0 /* Post.swift */; };
/* End PBXBuildFile section */

/* Begin PBXFileReference section */
		26D9FBAD2DC2604983928F22 /* Pods-Devslopes-Udemy.release.xcconfig */ = {isa = PBXFileReference; includeInIndex = 1; lastKnownFileType = text.xcconfig; name = "Pods-Devslopes-Udemy.release.xcconfig"; path = "Pods/Target Support Files/Pods-Devslopes-Udemy/Pods-Devslopes-Udemy.release.xcconfig"; sourceTree = "<group>"; };
		AF35192A1C933AB400779D2D /* Devslopes-Udemy.app */ = {isa = PBXFileReference; explicitFileType = wrapper.application; includeInIndex = 0; path = "Devslopes-Udemy.app"; sourceTree = BUILT_PRODUCTS_DIR; };
		AF35192D1C933AB400779D2D /* AppDelegate.swift */ = {isa = PBXFileReference; lastKnownFileType = sourcecode.swift; path = AppDelegate.swift; sourceTree = "<group>"; };
		AF35192F1C933AB400779D2D /* ViewController.swift */ = {isa = PBXFileReference; lastKnownFileType = sourcecode.swift; path = ViewController.swift; sourceTree = "<group>"; };
		AF3519321C933AB400779D2D /* Base */ = {isa = PBXFileReference; lastKnownFileType = file.storyboard; name = Base; path = Base.lproj/Main.storyboard; sourceTree = "<group>"; };
		AF3519341C933AB500779D2D /* Assets.xcassets */ = {isa = PBXFileReference; lastKnownFileType = folder.assetcatalog; path = Assets.xcassets; sourceTree = "<group>"; };
		AF3519371C933AB500779D2D /* Base */ = {isa = PBXFileReference; lastKnownFileType = file.storyboard; name = Base; path = Base.lproj/LaunchScreen.storyboard; sourceTree = "<group>"; };
		AF3519391C933AB500779D2D /* Info.plist */ = {isa = PBXFileReference; lastKnownFileType = text.plist.xml; path = Info.plist; sourceTree = "<group>"; };
		AF3519431C93416300779D2D /* MaterialView.swift */ = {isa = PBXFileReference; fileEncoding = 4; lastKnownFileType = sourcecode.swift; path = MaterialView.swift; sourceTree = "<group>"; };
		AF3519461C9344DB00779D2D /* Constants.swift */ = {isa = PBXFileReference; fileEncoding = 4; lastKnownFileType = sourcecode.swift; path = Constants.swift; sourceTree = "<group>"; };
		AF3519481C971D7F00779D2D /* MaterialButton.swift */ = {isa = PBXFileReference; fileEncoding = 4; lastKnownFileType = sourcecode.swift; path = MaterialButton.swift; sourceTree = "<group>"; };
		AF35194A1C97231E00779D2D /* MaterialTextField.swift */ = {isa = PBXFileReference; fileEncoding = 4; lastKnownFileType = sourcecode.swift; path = MaterialTextField.swift; sourceTree = "<group>"; };
		AF35194D1C97316200779D2D /* Bolts.framework */ = {isa = PBXFileReference; lastKnownFileType = wrapper.framework; path = Bolts.framework; sourceTree = "<group>"; };
		AF35194E1C97316200779D2D /* FBSDKCoreKit.framework */ = {isa = PBXFileReference; lastKnownFileType = wrapper.framework; path = FBSDKCoreKit.framework; sourceTree = "<group>"; };
		AF35194F1C97316200779D2D /* FBSDKLoginKit.framework */ = {isa = PBXFileReference; lastKnownFileType = wrapper.framework; path = FBSDKLoginKit.framework; sourceTree = "<group>"; };
		AF9AED6B1C9855D100310BF2 /* DataService.swift */ = {isa = PBXFileReference; fileEncoding = 4; lastKnownFileType = sourcecode.swift; path = DataService.swift; sourceTree = "<group>"; };
		AFDD83AB1CA586AD00F7F6F0 /* FeedVC.swift */ = {isa = PBXFileReference; fileEncoding = 4; lastKnownFileType = sourcecode.swift; path = FeedVC.swift; sourceTree = "<group>"; };
		AFDD83AD1CA5892100F7F6F0 /* PostCell.swift */ = {isa = PBXFileReference; fileEncoding = 4; lastKnownFileType = sourcecode.swift; path = PostCell.swift; sourceTree = "<group>"; };
		AFDD83AF1CA9CA5A00F7F6F0 /* Post.swift */ = {isa = PBXFileReference; fileEncoding = 4; lastKnownFileType = sourcecode.swift; path = Post.swift; sourceTree = "<group>"; };
		C39091A66E2A6EFDCD36E245 /* Pods_Devslopes_Udemy.framework */ = {isa = PBXFileReference; explicitFileType = wrapper.framework; includeInIndex = 0; path = Pods_Devslopes_Udemy.framework; sourceTree = BUILT_PRODUCTS_DIR; };
		E10F5AB765DFD15AB5BB82B5 /* Pods-Devslopes-Udemy.debug.xcconfig */ = {isa = PBXFileReference; includeInIndex = 1; lastKnownFileType = text.xcconfig; name = "Pods-Devslopes-Udemy.debug.xcconfig"; path = "Pods/Target Support Files/Pods-Devslopes-Udemy/Pods-Devslopes-Udemy.debug.xcconfig"; sourceTree = "<group>"; };
/* End PBXFileReference section */

/* Begin PBXFrameworksBuildPhase section */
		AF3519271C933AB400779D2D /* Frameworks */ = {
			isa = PBXFrameworksBuildPhase;
			buildActionMask = 2147483647;
			files = (
				AF3519501C97316200779D2D /* Bolts.framework in Frameworks */,
				AF3519511C97316200779D2D /* FBSDKCoreKit.framework in Frameworks */,
				AF3519521C97316200779D2D /* FBSDKLoginKit.framework in Frameworks */,
				0C119FB3CB8AC31F56274424 /* Pods_Devslopes_Udemy.framework in Frameworks */,
			);
			runOnlyForDeploymentPostprocessing = 0;
		};
/* End PBXFrameworksBuildPhase section */

/* Begin PBXGroup section */
		AF3519211C933AB400779D2D = {
			isa = PBXGroup;
			children = (
				AF35192C1C933AB400779D2D /* Devslopes-Udemy */,
				AF35192B1C933AB400779D2D /* Products */,
				E1F981FCB7734F59E00750F3 /* Pods */,
				BBB9E084C85675E6144C75CA /* Frameworks */,
			);
			sourceTree = "<group>";
		};
		AF35192B1C933AB400779D2D /* Products */ = {
			isa = PBXGroup;
			children = (
				AF35192A1C933AB400779D2D /* Devslopes-Udemy.app */,
			);
			name = Products;
			sourceTree = "<group>";
		};
		AF35192C1C933AB400779D2D /* Devslopes-Udemy */ = {
			isa = PBXGroup;
			children = (
				AF9AED6A1C98559300310BF2 /* Services */,
				AF35194C1C97310D00779D2D /* Frameworks */,
				AF3519451C9344CF00779D2D /* Util */,
				AF3519411C933B0500779D2D /* Model */,
				AF3519401C933AFF00779D2D /* View */,
				AF35193F1C933AEE00779D2D /* Controller */,
				AF3519421C933B0A00779D2D /* Ressource */,
				AF35192D1C933AB400779D2D /* AppDelegate.swift */,
				AF3519311C933AB400779D2D /* Main.storyboard */,
				AF3519341C933AB500779D2D /* Assets.xcassets */,
				AF3519361C933AB500779D2D /* LaunchScreen.storyboard */,
				AF3519391C933AB500779D2D /* Info.plist */,
			);
			path = "Devslopes-Udemy";
			sourceTree = "<group>";
		};
		AF35193F1C933AEE00779D2D /* Controller */ = {
			isa = PBXGroup;
			children = (
				AF35192F1C933AB400779D2D /* ViewController.swift */,
				AFDD83AB1CA586AD00F7F6F0 /* FeedVC.swift */,
			);
			name = Controller;
			sourceTree = "<group>";
		};
		AF3519401C933AFF00779D2D /* View */ = {
			isa = PBXGroup;
			children = (
				AF3519431C93416300779D2D /* MaterialView.swift */,
				AF3519481C971D7F00779D2D /* MaterialButton.swift */,
				AF35194A1C97231E00779D2D /* MaterialTextField.swift */,
				AFDD83AD1CA5892100F7F6F0 /* PostCell.swift */,
			);
			name = View;
			sourceTree = "<group>";
		};
		AF3519411C933B0500779D2D /* Model */ = {
			isa = PBXGroup;
			children = (
				AFDD83AF1CA9CA5A00F7F6F0 /* Post.swift */,
			);
			name = Model;
			sourceTree = "<group>";
		};
		AF3519421C933B0A00779D2D /* Ressource */ = {
			isa = PBXGroup;
			children = (
			);
			name = Ressource;
			sourceTree = "<group>";
		};
		AF3519451C9344CF00779D2D /* Util */ = {
			isa = PBXGroup;
			children = (
				AF3519461C9344DB00779D2D /* Constants.swift */,
			);
			name = Util;
			sourceTree = "<group>";
		};
		AF35194C1C97310D00779D2D /* Frameworks */ = {
			isa = PBXGroup;
			children = (
				AF35194D1C97316200779D2D /* Bolts.framework */,
				AF35194E1C97316200779D2D /* FBSDKCoreKit.framework */,
				AF35194F1C97316200779D2D /* FBSDKLoginKit.framework */,
			);
			name = Frameworks;
			sourceTree = "<group>";
		};
		AF9AED6A1C98559300310BF2 /* Services */ = {
			isa = PBXGroup;
			children = (
				AF9AED6B1C9855D100310BF2 /* DataService.swift */,
			);
			name = Services;
			sourceTree = "<group>";
		};
		BBB9E084C85675E6144C75CA /* Frameworks */ = {
			isa = PBXGroup;
			children = (
				C39091A66E2A6EFDCD36E245 /* Pods_Devslopes_Udemy.framework */,
			);
			name = Frameworks;
			sourceTree = "<group>";
		};
		E1F981FCB7734F59E00750F3 /* Pods */ = {
			isa = PBXGroup;
			children = (
				E10F5AB765DFD15AB5BB82B5 /* Pods-Devslopes-Udemy.debug.xcconfig */,
				26D9FBAD2DC2604983928F22 /* Pods-Devslopes-Udemy.release.xcconfig */,
			);
			name = Pods;
			sourceTree = "<group>";
		};
/* End PBXGroup section */

/* Begin PBXNativeTarget section */
		AF3519291C933AB400779D2D /* Devslopes-Udemy */ = {
			isa = PBXNativeTarget;
			buildConfigurationList = AF35193C1C933AB500779D2D /* Build configuration list for PBXNativeTarget "Devslopes-Udemy" */;
			buildPhases = (
				14C4868EC10E6CD1CB3C5C69 /* Check Pods Manifest.lock */,
				AF3519261C933AB400779D2D /* Sources */,
				AF3519271C933AB400779D2D /* Frameworks */,
				AF3519281C933AB400779D2D /* Resources */,
				409E6EA3B5AF07D0D3CE8BB2 /* Embed Pods Frameworks */,
				8E5006F014C35DBD9CD1EA5E /* Copy Pods Resources */,
			);
			buildRules = (
			);
			dependencies = (
			);
			name = "Devslopes-Udemy";
			productName = "Devslopes-Udemy";
			productReference = AF35192A1C933AB400779D2D /* Devslopes-Udemy.app */;
			productType = "com.apple.product-type.application";
		};
/* End PBXNativeTarget section */

/* Begin PBXProject section */
		AF3519221C933AB400779D2D /* Project object */ = {
			isa = PBXProject;
			attributes = {
				LastSwiftUpdateCheck = 0720;
				LastUpgradeCheck = 0720;
				ORGANIZATIONNAME = "Emmanuel Darmon";
				TargetAttributes = {
					AF3519291C933AB400779D2D = {
						CreatedOnToolsVersion = 7.2.1;
					};
				};
			};
			buildConfigurationList = AF3519251C933AB400779D2D /* Build configuration list for PBXProject "Devslopes-Udemy" */;
			compatibilityVersion = "Xcode 3.2";
			developmentRegion = English;
			hasScannedForEncodings = 0;
			knownRegions = (
				en,
				Base,
			);
			mainGroup = AF3519211C933AB400779D2D;
			productRefGroup = AF35192B1C933AB400779D2D /* Products */;
			projectDirPath = "";
			projectRoot = "";
			targets = (
				AF3519291C933AB400779D2D /* Devslopes-Udemy */,
			);
		};
/* End PBXProject section */

/* Begin PBXResourcesBuildPhase section */
		AF3519281C933AB400779D2D /* Resources */ = {
			isa = PBXResourcesBuildPhase;
			buildActionMask = 2147483647;
			files = (
				AF3519381C933AB500779D2D /* LaunchScreen.storyboard in Resources */,
				AF3519351C933AB500779D2D /* Assets.xcassets in Resources */,
				AF3519331C933AB400779D2D /* Main.storyboard in Resources */,
			);
			runOnlyForDeploymentPostprocessing = 0;
		};
/* End PBXResourcesBuildPhase section */

/* Begin PBXShellScriptBuildPhase section */
		14C4868EC10E6CD1CB3C5C69 /* Check Pods Manifest.lock */ = {
			isa = PBXShellScriptBuildPhase;
			buildActionMask = 2147483647;
			files = (
			);
			inputPaths = (
			);
			name = "Check Pods Manifest.lock";
			outputPaths = (
			);
			runOnlyForDeploymentPostprocessing = 0;
			shellPath = /bin/sh;
			shellScript = "diff \"${PODS_ROOT}/../Podfile.lock\" \"${PODS_ROOT}/Manifest.lock\" > /dev/null\nif [[ $? != 0 ]] ; then\n    cat << EOM\nerror: The sandbox is not in sync with the Podfile.lock. Run 'pod install' or update your CocoaPods installation.\nEOM\n    exit 1\nfi\n";
			showEnvVarsInLog = 0;
		};
		409E6EA3B5AF07D0D3CE8BB2 /* Embed Pods Frameworks */ = {
			isa = PBXShellScriptBuildPhase;
			buildActionMask = 2147483647;
			files = (
			);
			inputPaths = (
			);
			name = "Embed Pods Frameworks";
			outputPaths = (
			);
			runOnlyForDeploymentPostprocessing = 0;
			shellPath = /bin/sh;
			shellScript = "\"${SRCROOT}/Pods/Target Support Files/Pods-Devslopes-Udemy/Pods-Devslopes-Udemy-frameworks.sh\"\n";
			showEnvVarsInLog = 0;
		};
		8E5006F014C35DBD9CD1EA5E /* Copy Pods Resources */ = {
			isa = PBXShellScriptBuildPhase;
			buildActionMask = 2147483647;
			files = (
			);
			inputPaths = (
			);
			name = "Copy Pods Resources";
			outputPaths = (
			);
			runOnlyForDeploymentPostprocessing = 0;
			shellPath = /bin/sh;
			shellScript = "\"${SRCROOT}/Pods/Target Support Files/Pods-Devslopes-Udemy/Pods-Devslopes-Udemy-resources.sh\"\n";
			showEnvVarsInLog = 0;
		};
/* End PBXShellScriptBuildPhase section */

/* Begin PBXSourcesBuildPhase section */
		AF3519261C933AB400779D2D /* Sources */ = {
			isa = PBXSourcesBuildPhase;
			buildActionMask = 2147483647;
			files = (
				AF35194B1C97231E00779D2D /* MaterialTextField.swift in Sources */,
				AF9AED6C1C9855D100310BF2 /* DataService.swift in Sources */,
				AF3519441C93416300779D2D /* MaterialView.swift in Sources */,
				AF3519301C933AB400779D2D /* ViewController.swift in Sources */,
				AFDD83AC1CA586AD00F7F6F0 /* FeedVC.swift in Sources */,
				AFDD83AE1CA5892100F7F6F0 /* PostCell.swift in Sources */,
				AF35192E1C933AB400779D2D /* AppDelegate.swift in Sources */,
				AF3519471C9344DB00779D2D /* Constants.swift in Sources */,
				AF3519491C971D7F00779D2D /* MaterialButton.swift in Sources */,
				AFDD83B01CA9CA5A00F7F6F0 /* Post.swift in Sources */,
			);
			runOnlyForDeploymentPostprocessing = 0;
		};
/* End PBXSourcesBuildPhase section */

/* Begin PBXVariantGroup section */
		AF3519311C933AB400779D2D /* Main.storyboard */ = {
			isa = PBXVariantGroup;
			children = (
				AF3519321C933AB400779D2D /* Base */,
			);
			name = Main.storyboard;
			sourceTree = "<group>";
		};
		AF3519361C933AB500779D2D /* LaunchScreen.storyboard */ = {
			isa = PBXVariantGroup;
			children = (
				AF3519371C933AB500779D2D /* Base */,
			);
			name = LaunchScreen.storyboard;
			sourceTree = "<group>";
		};
/* End PBXVariantGroup section */

/* Begin XCBuildConfiguration section */
		AF35193A1C933AB500779D2D /* Debug */ = {
			isa = XCBuildConfiguration;
			buildSettings = {
				ALWAYS_SEARCH_USER_PATHS = NO;
				CLANG_CXX_LANGUAGE_STANDARD = "gnu++0x";
				CLANG_CXX_LIBRARY = "libc++";
				CLANG_ENABLE_MODULES = YES;
				CLANG_ENABLE_OBJC_ARC = YES;
				CLANG_WARN_BOOL_CONVERSION = YES;
				CLANG_WARN_CONSTANT_CONVERSION = YES;
				CLANG_WARN_DIRECT_OBJC_ISA_USAGE = YES_ERROR;
				CLANG_WARN_EMPTY_BODY = YES;
				CLANG_WARN_ENUM_CONVERSION = YES;
				CLANG_WARN_INT_CONVERSION = YES;
				CLANG_WARN_OBJC_ROOT_CLASS = YES_ERROR;
				CLANG_WARN_UNREACHABLE_CODE = YES;
				CLANG_WARN__DUPLICATE_METHOD_MATCH = YES;
				"CODE_SIGN_IDENTITY[sdk=iphoneos*]" = "iPhone Developer";
				COPY_PHASE_STRIP = NO;
				DEBUG_INFORMATION_FORMAT = dwarf;
				ENABLE_STRICT_OBJC_MSGSEND = YES;
				ENABLE_TESTABILITY = YES;
				GCC_C_LANGUAGE_STANDARD = gnu99;
				GCC_DYNAMIC_NO_PIC = NO;
				GCC_NO_COMMON_BLOCKS = YES;
				GCC_OPTIMIZATION_LEVEL = 0;
				GCC_PREPROCESSOR_DEFINITIONS = (
					"DEBUG=1",
					"$(inherited)",
				);
				GCC_WARN_64_TO_32_BIT_CONVERSION = YES;
				GCC_WARN_ABOUT_RETURN_TYPE = YES_ERROR;
				GCC_WARN_UNDECLARED_SELECTOR = YES;
				GCC_WARN_UNINITIALIZED_AUTOS = YES_AGGRESSIVE;
				GCC_WARN_UNUSED_FUNCTION = YES;
				GCC_WARN_UNUSED_VARIABLE = YES;
				IPHONEOS_DEPLOYMENT_TARGET = 9.2;
				MTL_ENABLE_DEBUG_INFO = YES;
				ONLY_ACTIVE_ARCH = YES;
				SDKROOT = iphoneos;
				SWIFT_OPTIMIZATION_LEVEL = "-Onone";
			};
			name = Debug;
		};
		AF35193B1C933AB500779D2D /* Release */ = {
			isa = XCBuildConfiguration;
			buildSettings = {
				ALWAYS_SEARCH_USER_PATHS = NO;
				CLANG_CXX_LANGUAGE_STANDARD = "gnu++0x";
				CLANG_CXX_LIBRARY = "libc++";
				CLANG_ENABLE_MODULES = YES;
				CLANG_ENABLE_OBJC_ARC = YES;
				CLANG_WARN_BOOL_CONVERSION = YES;
				CLANG_WARN_CONSTANT_CONVERSION = YES;
				CLANG_WARN_DIRECT_OBJC_ISA_USAGE = YES_ERROR;
				CLANG_WARN_EMPTY_BODY = YES;
				CLANG_WARN_ENUM_CONVERSION = YES;
				CLANG_WARN_INT_CONVERSION = YES;
				CLANG_WARN_OBJC_ROOT_CLASS = YES_ERROR;
				CLANG_WARN_UNREACHABLE_CODE = YES;
				CLANG_WARN__DUPLICATE_METHOD_MATCH = YES;
				"CODE_SIGN_IDENTITY[sdk=iphoneos*]" = "iPhone Developer";
				COPY_PHASE_STRIP = NO;
				DEBUG_INFORMATION_FORMAT = "dwarf-with-dsym";
				ENABLE_NS_ASSERTIONS = NO;
				ENABLE_STRICT_OBJC_MSGSEND = YES;
				GCC_C_LANGUAGE_STANDARD = gnu99;
				GCC_NO_COMMON_BLOCKS = YES;
				GCC_WARN_64_TO_32_BIT_CONVERSION = YES;
				GCC_WARN_ABOUT_RETURN_TYPE = YES_ERROR;
				GCC_WARN_UNDECLARED_SELECTOR = YES;
				GCC_WARN_UNINITIALIZED_AUTOS = YES_AGGRESSIVE;
				GCC_WARN_UNUSED_FUNCTION = YES;
				GCC_WARN_UNUSED_VARIABLE = YES;
				IPHONEOS_DEPLOYMENT_TARGET = 9.2;
				MTL_ENABLE_DEBUG_INFO = NO;
				SDKROOT = iphoneos;
				VALIDATE_PRODUCT = YES;
			};
			name = Release;
		};
		AF35193D1C933AB500779D2D /* Debug */ = {
			isa = XCBuildConfiguration;
			baseConfigurationReference = E10F5AB765DFD15AB5BB82B5 /* Pods-Devslopes-Udemy.debug.xcconfig */;
			buildSettings = {
				ASSETCATALOG_COMPILER_APPICON_NAME = AppIcon;
				ENABLE_BITCODE = NO;
				FRAMEWORK_SEARCH_PATHS = (
					"$(inherited)",
					"$(PROJECT_DIR)/Devslopes-Udemy",
				);
				INFOPLIST_FILE = "Devslopes-Udemy/Info.plist";
				LD_RUNPATH_SEARCH_PATHS = "$(inherited) @executable_path/Frameworks";
				PRODUCT_BUNDLE_IDENTIFIER = "com.emmanueldarmon.Devslopes-Udemy";
				PRODUCT_NAME = "$(TARGET_NAME)";
			};
			name = Debug;
		};
		AF35193E1C933AB500779D2D /* Release */ = {
			isa = XCBuildConfiguration;
			baseConfigurationReference = 26D9FBAD2DC2604983928F22 /* Pods-Devslopes-Udemy.release.xcconfig */;
			buildSettings = {
				ASSETCATALOG_COMPILER_APPICON_NAME = AppIcon;
				ENABLE_BITCODE = NO;
				FRAMEWORK_SEARCH_PATHS = (
					"$(inherited)",
					"$(PROJECT_DIR)/Devslopes-Udemy",
				);
				INFOPLIST_FILE = "Devslopes-Udemy/Info.plist";
				LD_RUNPATH_SEARCH_PATHS = "$(inherited) @executable_path/Frameworks";
				PRODUCT_BUNDLE_IDENTIFIER = "com.emmanueldarmon.Devslopes-Udemy";
				PRODUCT_NAME = "$(TARGET_NAME)";
			};
			name = Release;
		};
/* End XCBuildConfiguration section */

/* Begin XCConfigurationList section */
		AF3519251C933AB400779D2D /* Build configuration list for PBXProject "Devslopes-Udemy" */ = {
			isa = XCConfigurationList;
			buildConfigurations = (
				AF35193A1C933AB500779D2D /* Debug */,
				AF35193B1C933AB500779D2D /* Release */,
			);
			defaultConfigurationIsVisible = 0;
			defaultConfigurationName = Release;
		};
		AF35193C1C933AB500779D2D /* Build configuration list for PBXNativeTarget "Devslopes-Udemy" */ = {
			isa = XCConfigurationList;
			buildConfigurations = (
				AF35193D1C933AB500779D2D /* Debug */,
				AF35193E1C933AB500779D2D /* Release */,
			);
			defaultConfigurationIsVisible = 0;
			defaultConfigurationName = Release;
		};
/* End XCConfigurationList section */
	};
	rootObject = AF3519221C933AB400779D2D /* Project object */;
}
